# This file is automatically @generated by Cargo.
# It is not intended for manual editing.
version = 4

[[package]]
name = "aho-corasick"
version = "1.1.5"
source = "registry+https://github.com/rust-lang/crates.io-index"
checksum = "c982642fa9e8606056828ee9a8505737230110bb1099153c79efe865c59d12ba"
dependencies = [
 "memchr",
]

[[package]]
name = "allocator-api2"
version = "0.2.21"
source = "registry+https://github.com/rust-lang/crates.io-index"
checksum = "683d7910e743518b0e34f1186f92494becacb047c7b6bf616c96772180fef923"

[[package]]
name = "anyhow"
version = "1.0.104"
source = "registry+https://github.com/rust-lang/crates.io-index"
checksum = "330a5ed07fa54e4702c9d6c4174f74427fc0ef6e214bbd677ae50a5099946470"

[[package]]
name = "arbitrary"
version = "1.4.2"
source = "registry+https://github.com/rust-lang/crates.io-index"
checksum = "c3d036a3c4ab069c7b410a2ce876bd74808d2d0888a82667669f8e783a898bf1"

[[package]]
name = "bitflags"
version = "1.3.2"
source = "registry+https://github.com/rust-lang/crates.io-index"
checksum = "bef38d45163c2f1dde094a7dfd33ccf595c92905c8f8f4fdc18d06fb1037718a"

[[package]]
name = "bitflags"
version = "2.13.2"
source = "registry+https://github.com/rust-lang/crates.io-index"
checksum = "3ded4057c258ba199e2d26386d3af3780957ecaee6c4ef4041c6b4b8b97c0b06"

[[package]]
name = "boxcar"
version = "0.2.14"
source = "registry+https://github.com/rust-lang/crates.io-index"
checksum = "36f64beae40a84da1b4b26ff2761a5b895c12adc41dc25aaee1c4f2bbfe97a6e"

[[package]]
name = "bumpalo"
version = "3.20.3"
source = "registry+https://github.com/rust-lang/crates.io-index"
checksum = "72f5acc6cb2ba439de613abc23857ec3d78374d8ed5ac84e9d11336e87da8649"
dependencies = [
 "allocator-api2",
]

[[package]]
name = "cfg-if"
version = "1.0.5"
source = "registry+https://github.com/rust-lang/crates.io-index"
checksum = "4e7648175b45a9a48536d676f68d918270699102aa8dab5496df06904c914600"

[[package]]
name = "cranelift-assembler-x64"
version = "0.119.1"
source = "registry+https://github.com/rust-lang/crates.io-index"
checksum = "359c047862387091eb0363ce8b5cabb4a8be1cc16a6fa151fe079c09796461f3"
dependencies = [
 "cranelift-assembler-x64-meta",
]

[[package]]
name = "cranelift-assembler-x64-meta"
version = "0.119.1"
source = "registry+https://github.com/rust-lang/crates.io-index"
checksum = "6bf62afda29fcde09d922f125a7d47880b540fd1de069558bfa637b4ce7aa1ca"
dependencies = [
 "cranelift-srcgen",
]

[[package]]
name = "cranelift-bforest"
version = "0.119.1"
source = "registry+https://github.com/rust-lang/crates.io-index"
checksum = "3537273471ebdae55791869ee16f71a4a51e34ad47cdc64269a9c2255b5dce03"
dependencies = [
 "cranelift-entity",
]

[[package]]
name = "cranelift-bitset"
version = "0.119.1"
source = "registry+https://github.com/rust-lang/crates.io-index"
checksum = "b872fde1717c508f842ad1ad8768fbe16caf7e8e049215b0e09429bbf00d3ce9"

[[package]]
name = "cranelift-codegen"
version = "0.119.1"
source = "registry+https://github.com/rust-lang/crates.io-index"
checksum = "52a74ef998eb9f985dc0d987d3aac0fe4bd1b59ec707461b2d6d20cda1b0a5e1"
dependencies = [
 "bumpalo",
 "cranelift-assembler-x64",
 "cranelift-bforest",
 "cranelift-bitset",
 "cranelift-codegen-meta",
 "cranelift-codegen-shared",
 "cranelift-control",
 "cranelift-entity",
 "cranelift-isle",
 "gimli",
 "hashbrown 0.15.5",
 "log",
 "regalloc2",
 "rustc-hash",
 "serde",
 "smallvec",
 "target-lexicon",
]

[[package]]
name = "cranelift-codegen-meta"
version = "0.119.1"
source = "registry+https://github.com/rust-lang/crates.io-index"
checksum = "7a04a532b9a7b69c28e7e37d15bca7f7f5cc56399df890ec399333e2d548004a"
dependencies = [
 "cranelift-assembler-x64-meta",
 "cranelift-codegen-shared",
 "cranelift-srcgen",
]

[[package]]
name = "cranelift-codegen-shared"
version = "0.119.1"
source = "registry+https://github.com/rust-lang/crates.io-index"
checksum = "95c4556174c6eb7d586bd1715b7f9c3a43a0835d6a95715893718b2f263af895"

[[package]]
name = "cranelift-control"
version = "0.119.1"
source = "registry+https://github.com/rust-lang/crates.io-index"
checksum = "18d8e9ae221e352dbea7f6f389705365f8128e7e0a7de5cf787ab7b2ccd1c522"
dependencies = [
 "arbitrary",
]

[[package]]
name = "cranelift-entity"
version = "0.119.1"
source = "registry+https://github.com/rust-lang/crates.io-index"
checksum = "40d10b531267cc86ba4fbb7b718b646df503713828b37841a867f332954b24ad"
dependencies = [
 "cranelift-bitset",
]

[[package]]
name = "cranelift-frontend"
version = "0.119.1"
source = "registry+https://github.com/rust-lang/crates.io-index"
checksum = "07540e6f75357d655743008965018fe243434ec6755078794616fde31f783a03"
dependencies = [
 "cranelift-codegen",
 "log",
 "smallvec",
 "target-lexicon",
]

[[package]]
name = "cranelift-isle"
version = "0.119.1"
source = "registry+https://github.com/rust-lang/crates.io-index"
checksum = "3e0909e87af454a7ff542ece2d66f901f2cc9483ab36572a924eb5e58ce51fc0"

[[package]]
name = "cranelift-jit"
version = "0.119.1"
source = "registry+https://github.com/rust-lang/crates.io-index"
checksum = "e353bd2b08aed8e0a0da4838fcf1a5b6004464675e5651f050bdcd952f12f479"
dependencies = [
 "anyhow",
 "cranelift-codegen",
 "cranelift-control",
 "cranelift-entity",
 "cranelift-module",
 "cranelift-native",
 "libc",
 "log",
 "region",
 "target-lexicon",
 "wasmtime-jit-icache-coherence",
 "windows-sys 0.59.0",
]

[[package]]
name = "cranelift-module"
version = "0.119.1"
source = "registry+https://github.com/rust-lang/crates.io-index"
checksum = "279fa60ec6f91746d560064c8900d9566a239cb6ae788a62cd5b3908589ca749"
dependencies = [
 "anyhow",
 "cranelift-codegen",
 "cranelift-control",
]

[[package]]
name = "cranelift-native"
version = "0.119.1"
source = "registry+https://github.com/rust-lang/crates.io-index"
checksum = "5f2d3963401ea1f8f84bdb0b654f1ca186be97e6ca94ccd2a8037b9edee47e17"
dependencies = [
 "cranelift-codegen",
 "libc",
 "target-lexicon",
]

[[package]]
name = "cranelift-srcgen"
version = "0.119.1"
source = "registry+https://github.com/rust-lang/crates.io-index"
checksum = "823558b0a406b7f7d5dad0c925b29e8192792476faaa71615d40cb5a842a9040"

[[package]]
name = "crossbeam-deque"
version = "0.8.8"
source = "registry+https://github.com/rust-lang/crates.io-index"
checksum = "622f3fc73690be383c7214310406f28a90e6edeadc3cea882f9d71e495b9711a"
dependencies = [
 "crossbeam-epoch",
 "crossbeam-utils",
]

[[package]]
name = "crossbeam-epoch"
version = "0.9.21"
source = "registry+https://github.com/rust-lang/crates.io-index"
checksum = "dc74980687109a3b14c72fd458107bf0baa1da1a1a805e178d15501ba9b86d9d"
dependencies = [
 "crossbeam-utils",
]

[[package]]
name = "crossbeam-queue"
version = "0.3.14"
source = "registry+https://github.com/rust-lang/crates.io-index"
checksum = "03e8bd762f7479489c70ed6c768ddca99d7296857de437a68dcb2a94365b3fae"
dependencies = [
 "crossbeam-utils",
]

[[package]]
name = "crossbeam-utils"
version = "0.8.23"
source = "registry+https://github.com/rust-lang/crates.io-index"
checksum = "a31eee39dddec8330830986fcd7625edb5a24ec90ea038215273bbc3adb08ac6"

[[package]]
name = "either"
version = "1.18.0"
source = "registry+https://github.com/rust-lang/crates.io-index"
checksum = "252afb9ae5eaa683babdc6a068b3f5726eb19e05070c731f9b2a23a7c3e8ed34"

[[package]]
name = "equivalent"
version = "1.0.2"
source = "registry+https://github.com/rust-lang/crates.io-index"
checksum = "877a4ace8713b0bcf2a4e7eec82529c029f1d0619886d18145fea96c3ffe5c0f"

[[package]]
name = "fallible-iterator"
version = "0.3.0"
source = "registry+https://github.com/rust-lang/crates.io-index"
checksum = "2acce4a10f12dc2fb14a218589d4f1f62ef011b2d0cc4b3cb1bba8e94da14649"

[[package]]
name = "foldhash"
version = "0.2.0"
source = "registry+https://github.com/rust-lang/crates.io-index"
checksum = "77ce24cb58228fbb8aa041425bb1050850ac19177686ea6e0f41a70416f56fdb"

[[package]]
name = "gimli"
version = "0.31.1"
source = "registry+https://github.com/rust-lang/crates.io-index"
checksum = "07e28edb80900c19c28f1072f2e8aeca7fa06b23cd4169cefe1af5aa3260783f"
dependencies = [
 "fallible-iterator",
 "indexmap",
 "stable_deref_trait",
]

[[package]]
name = "hashbrown"
version = "0.15.5"
source = "registry+https://github.com/rust-lang/crates.io-index"
checksum = "9229cfe53dfd69f0609a49f65461bd93001ea1ef889cd5529dd176593f5338a1"

[[package]]
name = "hashbrown"
version = "0.17.1"
source = "registry+https://github.com/rust-lang/crates.io-index"
checksum = "ed5909b6e89a2db4456e54cd5f673791d7eca6732202bbf2a9cc504fe2f9b84a"
dependencies = [
 "allocator-api2",
 "equivalent",
 "foldhash",
]

[[package]]
name = "hashlink"
version = "0.12.2"
source = "registry+https://github.com/rust-lang/crates.io-index"
checksum = "a596f1b20ed2cc5ecac41a164aaebc7258057060f06c0cf7a2ba3991ee7990fb"
dependencies = [
 "hashbrown 0.17.1",
]

[[package]]
name = "indexmap"
version = "2.14.2"
source = "registry+https://github.com/rust-lang/crates.io-index"
checksum = "cc4e190f5d26ca7051642629da2c52fc03bde85a03197c99408dcd291734c855"
dependencies = [
 "equivalent",
 "hashbrown 0.17.1",
]

[[package]]
name = "intrusive-collections"
version = "0.10.3"
source = "registry+https://github.com/rust-lang/crates.io-index"
checksum = "4275b20e6057cd7733fd8df8a5a31701e4fe44497dad0f3fa0e1c4fb971506be"

[[package]]
name = "inventory"
version = "0.3.24"
source = "registry+https://github.com/rust-lang/crates.io-index"
checksum = "a4f0c30c76f2f4ccee3fe55a2435f691ca00c0e4bd87abe4f4a851b1d4dac39b"
dependencies = [
 "rustversion",
]

[[package]]
name = "klang"
version = "0.1.0"
dependencies = [
 "cranelift-codegen",
 "cranelift-frontend",
 "cranelift-jit",
 "cranelift-module",
 "regex",
 "salsa",
]

[[package]]
name = "libc"
version = "0.2.189"
source = "registry+https://github.com/rust-lang/crates.io-index"
checksum = "3eaf3ede3fee6db1a4c2ee091bf8a8b4dccdc6d17f656fb07896ee72867612f2"

[[package]]
name = "lock_api"
version = "0.4.14"
source = "registry+https://github.com/rust-lang/crates.io-index"
checksum = "224399e74b87b5f3557511d98dff8b14089b3dadafcab6bb93eab67d3aace965"
dependencies = [
 "scopeguard",
]

[[package]]
name = "log"
version = "0.4.34"
source = "registry+https://github.com/rust-lang/crates.io-index"
checksum = "f9f8bd3e56ce4dfc153cf470fffbfa98c7620958b312ca5c3a4b8d5181fd13c6"

[[package]]
name = "mach2"
version = "0.4.3"
source = "registry+https://github.com/rust-lang/crates.io-index"
checksum = "d640282b302c0bb0a2a8e0233ead9035e3bed871f0b7e81fe4a1ec829765db44"
dependencies = [
 "libc",
]

[[package]]
name = "memchr"
version = "2.8.3"
source = "registry+https://github.com/rust-lang/crates.io-index"
checksum = "cf8baf1c55e62ffcace7a9f06f4bd9cd3f0c4beb022d3b367256b91b87513d98"

[[package]]
name = "once_cell"
version = "1.21.4"
source = "registry+https://github.com/rust-lang/crates.io-index"
checksum = "9f7c3e4beb33f85d45ae3e3a1792185706c8e16d043238c593331cc7cd313b50"

[[package]]
name = "parking_lot"
version = "0.12.5"
source = "registry+https://github.com/rust-lang/crates.io-index"
checksum = "93857453250e3077bd71ff98b6a65ea6621a19bb0f559a85248955ac12c45a1a"
dependencies = [
 "lock_api",
 "parking_lot_core",
]

[[package]]
name = "parking_lot_core"
version = "0.9.12"
source = "registry+https://github.com/rust-lang/crates.io-index"
checksum = "2621685985a2ebf1c516881c026032ac7deafcda1a2c9b7850dc81e3dfcb64c1"
dependencies = [
 "cfg-if",
 "libc",
 "redox_syscall",
 "smallvec",
 "windows-link",
]

[[package]]
name = "pin-project-lite"
version = "0.2.17"
source = "registry+https://github.com/rust-lang/crates.io-index"
checksum = "a89322df9ebe1c1578d689c92318e070967d1042b512afbe49518723f4e6d5cd"

[[package]]
name = "portable-atomic"
version = "1.15.0"
source = "registry+https://github.com/rust-lang/crates.io-index"
checksum = "05c8b63e8d9609db387f0324918f81d68fe27748f084ef092fb35954d0539a85"

[[package]]
name = "proc-macro2"
version = "1.0.107"
source = "registry+https://github.com/rust-lang/crates.io-index"
checksum = "985e7ec9bb745e6ce6535b544d84d6cd6f7ad8bd711c398938ae983b91a766d9"
dependencies = [
 "unicode-ident",
]

[[package]]
name = "quote"
version = "1.0.47"
source = "registry+https://github.com/rust-lang/crates.io-index"
checksum = "1fbf4db142a473a8d80c26bbf18454ed458bf8d26c8219c331daecfdbd079001"
dependencies = [
 "proc-macro2",
]

[[package]]
name = "rayon"
version = "1.12.0"
source = "registry+https://github.com/rust-lang/crates.io-index"
checksum = "fb39b166781f92d482534ef4b4b1b2568f42613b53e5b6c160e24cfbfa30926d"
dependencies = [
 "either",
 "rayon-core",
]

[[package]]
name = "rayon-core"
version = "1.13.0"
source = "registry+https://github.com/rust-lang/crates.io-index"
checksum = "22e18b0f0062d30d4230b2e85ff77fdfe4326feb054b9783a3460d8435c8ab91"
dependencies = [
 "crossbeam-deque",
 "crossbeam-utils",
]

[[package]]
name = "redox_syscall"
version = "0.5.18"
source = "registry+https://github.com/rust-lang/crates.io-index"
checksum = "ed2bf2547551a7053d6fdfafda3f938979645c44812fbfcda098faae3f1a362d"
dependencies = [
 "bitflags 2.13.2",
]

[[package]]
name = "regalloc2"
version = "0.11.2"
source = "registry+https://github.com/rust-lang/crates.io-index"
checksum = "dc06e6b318142614e4a48bc725abbf08ff166694835c43c9dae5a9009704639a"
dependencies = [
 "allocator-api2",
 "bumpalo",
 "hashbrown 0.15.5",
 "log",
 "rustc-hash",
 "smallvec",
]

[[package]]
name = "regex"
version = "1.13.1"
source = "registry+https://github.com/rust-lang/crates.io-index"
checksum = "f020237b6c8eed93db2e2cb53c00c60a8e1bc73da7d073199a1180401450218d"
dependencies = [
 "aho-corasick",
 "memchr",
 "regex-automata",
 "regex-syntax",
]

[[package]]
name = "regex-automata"
version = "0.4.18"
source = "registry+https://github.com/rust-lang/crates.io-index"
checksum = "ad8553b9b26413251cbf30e620595c7a41b3887f03da04579c0e6b0d6a06b4b2"
dependencies = [
 "aho-corasick",
 "memchr",
 "regex-syntax",
]

[[package]]
name = "regex-syntax"
version = "0.8.11"
source = "registry+https://github.com/rust-lang/crates.io-index"
checksum = "d6f6ff9a378485b298a5286656da665ba74413d36db0979633275d2e708145d4"

[[package]]
name = "region"
version = "3.0.2"
source = "registry+https://github.com/rust-lang/crates.io-index"
checksum = "e6b6ebd13bc009aef9cd476c1310d49ac354d36e240cf1bd753290f3dc7199a7"
dependencies = [
 "bitflags 1.3.2",
 "libc",
 "mach2",
 "windows-sys 0.52.0",
]

[[package]]
name = "rustc-hash"
version = "2.1.3"
source = "registry+https://github.com/rust-lang/crates.io-index"
checksum = "6b1e7f9a428571be2dc5bc0505c13fb6bf936822b894ec87abf8a08a4e51742d"

[[package]]
name = "rustversion"
version = "1.0.23"
source = "registry+https://github.com/rust-lang/crates.io-index"
checksum = "cf54715a573b99ac80df0bc206da022bcd442c974952c7b9720069370852e21f"

[[package]]
name = "salsa"
version = "0.28.4"
source = "registry+https://github.com/rust-lang/crates.io-index"
checksum = "5ad7a025e8eda1fcde5a8c442e2cdd34be28ba1c7bb5328c541b82cda212165f"
dependencies = [
 "boxcar",
 "crossbeam-queue",
 "crossbeam-utils",
 "hashbrown 0.17.1",
 "hashlink",
 "indexmap",
 "intrusive-collections",
 "inventory",
 "parking_lot",
 "portable-atomic",
 "rayon",
 "rustc-hash",
 "salsa-macro-rules",
 "salsa-macros",
 "smallvec",
 "thin-vec",
 "tracing",
 "typeid",
]

[[package]]
name = "salsa-macro-rules"
version = "0.28.4"
source = "registry+https://github.com/rust-lang/crates.io-index"
checksum = "40bc5a70f76d5f539e1e2f892006f523669845b6c879a70b3ed1996f47cfbb2e"

[[package]]
name = "salsa-macros"
version = "0.28.4"
source = "registry+https://github.com/rust-lang/crates.io-index"
checksum = "ea978f07c8d78cb5f4dd25bd005d9ff08f60909e089136d5fc36c847fa9005a9"
dependencies = [
 "proc-macro2",
 "quote",
 "syn",
]

[[package]]
name = "scopeguard"
version = "1.2.0"
source = "registry+https://github.com/rust-lang/crates.io-index"
checksum = "94143f37725109f92c262ed2cf5e59bce7498c01bcc1502d7b9afe439a4e9f49"

[[package]]
name = "serde"
version = "1.0.229"
source = "registry+https://github.com/rust-lang/crates.io-index"
checksum = "4148590afebada386688f18773da617792bf2ef03ffc1e4cbd2b1d45b023e0ba"
dependencies = [
 "serde_core",
]

[[package]]
name = "serde_core"
version = "1.0.229"
source = "registry+https://github.com/rust-lang/crates.io-index"
checksum = "67dca2c9c51e58a4791a4b1ed58308b39c64224d349a935ab5039aa360942a48"
dependencies = [
 "serde_derive",
]

[[package]]
name = "serde_derive"
version = "1.0.229"
source = "registry+https://github.com/rust-lang/crates.io-index"
checksum = "e7a5d71263a5a7d47b41f6b3f06ba276f10cc18b0931f1799f710578e2309348"
dependencies = [
 "proc-macro2",
 "quote",
 "syn",
]

[[package]]
name = "smallvec"
version = "1.16.1"
source = "registry+https://github.com/rust-lang/crates.io-index"
checksum = "ba467056f1b547ed52077911161fc86985becbc60e8e1857c8a144dab0def891"

[[package]]
name = "stable_deref_trait"
version = "1.2.1"
source = "registry+https://github.com/rust-lang/crates.io-index"
checksum = "6ce2be8dc25455e1f91df71bfa12ad37d7af1092ae736f3a6cd0e37bc7810596"

[[package]]
name = "syn"
version = "3.0.6"
source = "registry+https://github.com/rust-lang/crates.io-index"
checksum = "8593e8e72159ed2257d083c7a454a85cbf854f37a0966d8d483aff8c8a3ebcee"
dependencies = [
 "proc-macro2",
 "quote",
 "unicode-ident",
]

[[package]]
name = "target-lexicon"
version = "0.13.5"
source = "registry+https://github.com/rust-lang/crates.io-index"
checksum = "adb6935a6f5c20170eeceb1a3835a49e12e19d792f6dd344ccc76a985ca5a6ca"

[[package]]
name = "thin-vec"
version = "0.2.20"
source = "registry+https://github.com/rust-lang/crates.io-index"
checksum = "4568d7e143ec86d2021c338bae2afa88699e84b8e0af523626654fe6f03a1748"

[[package]]
name = "tracing"
version = "0.1.44"
source = "registry+https://github.com/rust-lang/crates.io-index"
checksum = "63e71662fa4b2a2c3a26f570f037eb95bb1f85397f3cd8076caed2f026a6d100"
dependencies = [
 "pin-project-lite",
 "tracing-core",
]

[[package]]
name = "tracing-core"
version = "0.1.36"
source = "registry+https://github.com/rust-lang/crates.io-index"
checksum = "db97caf9d906fbde555dd62fa95ddba9eecfd14cb388e4f491a66d74cd5fb79a"
dependencies = [
 "once_cell",
]

[[package]]
name = "typeid"
version = "1.0.3"
source = "registry+https://github.com/rust-lang/crates.io-index"
checksum = "bc7d623258602320d5c55d1bc22793b57daff0ec7efc270ea7d55ce1d5f5471c"

[[package]]
name = "unicode-ident"
version = "1.0.26"
source = "registry+https://github.com/rust-lang/crates.io-index"
checksum = "d245f478577f809a851594d02313b640fb437e0bb33866753cff937863096954"

[[package]]
name = "wasmtime-jit-icache-coherence"
version = "32.0.1"
source = "registry+https://github.com/rust-lang/crates.io-index"
checksum = "23ccb3dd740a0601addd260f4a6d91470cd3f7a2058efe46662054ca6b6da592"
dependencies = [
 "anyhow",
 "cfg-if",
 "libc",
 "windows-sys 0.59.0",
]

[[package]]
name = "windows-link"
version = "0.2.1"
source = "registry+https://github.com/rust-lang/crates.io-index"
checksum = "f0805222e57f7521d6a62e36fa9163bc891acd422f971defe97d64e70d0a4fe5"

[[package]]
name = "windows-sys"
version = "0.52.0"
source = "registry+https://github.com/rust-lang/crates.io-index"
checksum = "282be5f36a8ce781fad8c8ae18fa3f9beff57ec1b52cb3de0789201425d9a33d"
dependencies = [
 "windows-targets",
]

[[package]]
name = "windows-sys"
version = "0.59.0"
source = "registry+https://github.com/rust-lang/crates.io-index"
checksum = "1e38bc4d79ed67fd075bcc251a1c39b32a1776bbe92e5bef1f0bf1f8c531853b"
dependencies = [
 "windows-targets",
]

[[package]]
name = "windows-targets"
version = "0.52.6"
source = "registry+https://github.com/rust-lang/crates.io-index"
checksum = "9b724f72796e036ab90c1021d4780d4d3d648aca59e491e6b98e725b84e99973"
dependencies = [
 "windows_aarch64_gnullvm",
 "windows_aarch64_msvc",
 "windows_i686_gnu",
 "windows_i686_gnullvm",
 "windows_i686_msvc",
 "windows_x86_64_gnu",
 "windows_x86_64_gnullvm",
 "windows_x86_64_msvc",
]

[[package]]
name = "windows_aarch64_gnullvm"
version = "0.52.6"
source = "registry+https://github.com/rust-lang/crates.io-index"
checksum = "32a4622180e7a0ec044bb555404c800bc9fd9ec262ec147edd5989ccd0c02cd3"

[[package]]
name = "windows_aarch64_msvc"
version = "0.52.6"
source = "registry+https://github.com/rust-lang/crates.io-index"
checksum = "09ec2a7bb152e2252b53fa7803150007879548bc709c039df7627cabbd05d469"

[[package]]
name = "windows_i686_gnu"
version = "0.52.6"
source = "registry+https://github.com/rust-lang/crates.io-index"
checksum = "8e9b5ad5ab802e97eb8e295ac6720e509ee4c243f69d781394014ebfe8bbfa0b"

[[package]]
name = "windows_i686_gnullvm"
version = "0.52.6"
source = "registry+https://github.com/rust-lang/crates.io-index"
checksum = "0eee52d38c090b3caa76c563b86c3a4bd71ef1a819287c19d586d7334ae8ed66"

[[package]]
name = "windows_i686_msvc"
version = "0.52.6"
source = "registry+https://github.com/rust-lang/crates.io-index"
checksum = "240948bc05c5e7c6dabba28bf89d89ffce3e303022809e73deaefe4f6ec56c66"

[[package]]
name = "windows_x86_64_gnu"
version = "0.52.6"
source = "registry+https://github.com/rust-lang/crates.io-index"
checksum = "147a5c80aabfbf0c7d901cb5895d1de30ef2907eb21fbbab29ca94c5b08b1a78"

[[package]]
name = "windows_x86_64_gnullvm"
version = "0.52.6"
source = "registry+https://github.com/rust-lang/crates.io-index"
checksum = "24d5b23dc417412679681396f2b49f3de8c1473deb516bd34410872eff51ed0d"

[[package]]
name = "windows_x86_64_msvc"
version = "0.52.6"
source = "registry+https://github.com/rust-lang/crates.io-index"
checksum = "589f6da84c646204747d1270a2a5661ea66ed1cced2631d546fdfb155959f9ec"
